
Microsoft Visual Studio Solution File, Format Version 12.00
# Visual Studio Version 17
VisualStudioVersion = 17.8.34322.80
MinimumVisualStudioVersion = 10.0.40219.1
Project("{FAE04EC0-301F-11D3-BF4B-00C04F79EFBC}") = "QLSV", "QLSV.csproj", "{D84735DF-9BB4-446A-B294-D5939577EC7B}"
EndProject
Project("{FAE04EC0-301F-11D3-BF4B-00C04F79EFBC}") = "BussinessLogic", "BussinessLogic\BussinessLogic.csproj", "{182A6885-B81A-4FCC-8E6E-A530F87C310E}"
EndProject
Project("{FAE04EC0-301F-11D3-BF4B-00C04F79EFBC}") = "DataAccss", "DataAccss\DataAccss.csproj", "{C5ABE521-3B35-4EC6-B65E-A7FF2F0A33BA}"
EndProject
Project("{FAE04EC0-301F-11D3-BF4B-00C04F79EFBC}") = "DTO", "DTO\DTO.csproj", "{A43C1094-3831-4271-B31D-F41A7E7C7419}"
EndProject
Global
	GlobalSection(SolutionConfigurationPlatforms) = preSolution
		Debug|Any CPU = Debug|Any CPU
		Release|Any CPU = Release|Any CPU
	EndGlobalSection
	GlobalSection(ProjectConfigurationPlatforms) = postSolution
		{D84735DF-9BB4-446A-B294-D5939577EC7B}.Debug|Any CPU.ActiveCfg = Debug|Any CPU
		{D84735DF-9BB4-446A-B294-D5939577EC7B}.Debug|Any CPU.Build.0 = Debug|Any CPU
		{D84735DF-9BB4-446A-B294-D5939577EC7B}.Release|Any CPU.ActiveCfg = Release|Any CPU
		{D84735DF-9BB4-446A-B294-D5939577EC7B}.Release|Any CPU.Build.0 = Release|Any CPU
		{182A6885-B81A-4FCC-8E6E-A530F87C310E}.Debug|Any CPU.ActiveCfg = Debug|Any CPU
		{182A6885-B81A-4FCC-8E6E-A530F87C310E}.Debug|Any CPU.Build.0 = Debug|Any CPU
		{182A6885-B81A-4FCC-8E6E-A530F87C310E}.Release|Any CPU.ActiveCfg = Release|Any CPU
		{182A6885-B81A-4FCC-8E6E-A530F87C310E}.Release|Any CPU.Build.0 = Release|Any CPU
		{C5ABE521-3B35-4EC6-B65E-A7FF2F0A33BA}.Debug|Any CPU.ActiveCfg = Debug|Any CPU
		{C5ABE521-3B35-4EC6-B65E-A7FF2F0A33BA}.Debug|Any CPU.Build.0 = Debug|Any CPU
		{C5ABE521-3B35-4EC6-B65E-A7FF2F0A33BA}.Release|Any CPU.ActiveCfg = Release|Any CPU
		{C5ABE521-3B35-4EC6-B65E-A7FF2F0A33BA}.Release|Any CPU.Build.0 = Release|Any CPU
		{A43C1094-3831-4271-B31D-F41A7E7C7419}.Debug|Any CPU.ActiveCfg = Debug|Any CPU
		{A43C1094-3831-4271-B31D-F41A7E7C7419}.Debug|Any CPU.Build.0 = Debug|Any CPU
		{A43C1094-3831-4271-B31D-F41A7E7C7419}.Release|Any CPU.ActiveCfg = Release|Any CPU
		{A43C1094-3831-4271-B31D-F41A7E7C7419}.Release|Any CPU.Build.0 = Release|Any CPU
	EndGlobalSection
	GlobalSection(SolutionProperties) = preSolution
		HideSolutionNode = FALSE
	EndGlobalSection
	GlobalSection(ExtensibilityGlobals) = postSolution
		SolutionGuid = {40A90688-72DA-4298-811B-532948297617}
	EndGlobalSection
EndGlobal
